github.com/rivaldojuliano/go-say-hello v1.0.0 h1:LGc9hGGj130flaCVBc7XjfXOQ3SvwE8I3kHm/PrQCII=
github.com/rivaldojuliano/go-say-hello v1.0.0/go.mod h1:H90kGWS3cH5/vCrgutTQgnA2+YYoO6jW6gfcpI6k2v0=
github.com/rivaldojuliano/go-say-hello v1.5.0 h1:ZLGvCDBdf2dT5HYtSTu+FSQbtm51ZCqVtS4mOaZSGBo=
github.com/rivaldojuliano/go-say-hello v1.5.0/go.mod h1:H90kGWS3cH5/vCrgutTQgnA2+YYoO6jW6gfcpI6k2v0=
github.com/rivaldojuliano/go-say-hello/v2 v2.0.0 h1:z+0z4Xdvs50paL+6OqGTGBSHEJ3RAnTPyXu3UdO3Swo=
github.com/rivaldojuliano/go-say-hello/v2 v2.0.0/go.mod h1:ubf/nFDweNJcZXCXEK/rldJHcCwQh8DviXJ7v5Ez3Lo=
